
Microsoft Visual Studio Solution File, Format Version 12.00
# Visual Studio Version 17
VisualStudioVersion = 17.5.002.0
MinimumVisualStudioVersion = 10.0.40219.1
Project("{9A19103F-16F7-4668-BE54-9A1E7A4F7556}") = "StackCalculator", "StackCalculator.csproj", "{F73E9594-2FCC-4EA9-8AAA-EB13B50D6E4D}"
EndProject
Project("{FAE04EC0-301F-11D3-BF4B-00C04F79EFBC}") = "StackCalculator.Tests", "..\StackCalculatorTests\StackCalculator.Tests.csproj", "{AB358966-F7AA-45FC-94B6-9AF7C55A096B}"
EndProject
Global
	GlobalSection(SolutionConfigurationPlatforms) = preSolution
		Debug|Any CPU = Debug|Any CPU
		Release|Any CPU = Release|Any CPU
	EndGlobalSection
	GlobalSection(ProjectConfigurationPlatforms) = postSolution
		{F73E9594-2FCC-4EA9-8AAA-EB13B50D6E4D}.Debug|Any CPU.ActiveCfg = Debug|Any CPU
		{F73E9594-2FCC-4EA9-8AAA-EB13B50D6E4D}.Debug|Any CPU.Build.0 = Debug|Any CPU
		{F73E9594-2FCC-4EA9-8AAA-EB13B50D6E4D}.Release|Any CPU.ActiveCfg = Release|Any CPU
		{F73E9594-2FCC-4EA9-8AAA-EB13B50D6E4D}.Release|Any CPU.Build.0 = Release|Any CPU
		{AB358966-F7AA-45FC-94B6-9AF7C55A096B}.Debug|Any CPU.ActiveCfg = Debug|Any CPU
		{AB358966-F7AA-45FC-94B6-9AF7C55A096B}.Debug|Any CPU.Build.0 = Debug|Any CPU
		{AB358966-F7AA-45FC-94B6-9AF7C55A096B}.Release|Any CPU.ActiveCfg = Release|Any CPU
		{AB358966-F7AA-45FC-94B6-9AF7C55A096B}.Release|Any CPU.Build.0 = Release|Any CPU
	EndGlobalSection
	GlobalSection(SolutionProperties) = preSolution
		HideSolutionNode = FALSE
	EndGlobalSection
	GlobalSection(ExtensibilityGlobals) = postSolution
		SolutionGuid = {FA65E183-F608-42D2-A0AE-A5BC4F5242FD}
	EndGlobalSection
EndGlobal
