
Microsoft Visual Studio Solution File, Format Version 12.00
# Visual Studio Version 17
VisualStudioVersion = 17.0.31903.59
MinimumVisualStudioVersion = 10.0.40219.1
Project("{FAE04EC0-301F-11D3-BF4B-00C04F79EFBC}") = "ParseTree", "ParseTree\ParseTree.csproj", "{EA9A2751-A521-49E2-9FF0-8979C44FDF85}"
EndProject
Project("{FAE04EC0-301F-11D3-BF4B-00C04F79EFBC}") = "ParseTreeTests", "ParseTreeTests\ParseTreeTests.csproj", "{AC997C38-4F2A-48E8-808E-93E16B1D1833}"
EndProject
Global
	GlobalSection(SolutionConfigurationPlatforms) = preSolution
		Debug|Any CPU = Debug|Any CPU
		Release|Any CPU = Release|Any CPU
	EndGlobalSection
	GlobalSection(SolutionProperties) = preSolution
		HideSolutionNode = FALSE
	EndGlobalSection
	GlobalSection(ProjectConfigurationPlatforms) = postSolution
		{EA9A2751-A521-49E2-9FF0-8979C44FDF85}.Debug|Any CPU.ActiveCfg = Debug|Any CPU
		{EA9A2751-A521-49E2-9FF0-8979C44FDF85}.Debug|Any CPU.Build.0 = Debug|Any CPU
		{EA9A2751-A521-49E2-9FF0-8979C44FDF85}.Release|Any CPU.ActiveCfg = Release|Any CPU
		{EA9A2751-A521-49E2-9FF0-8979C44FDF85}.Release|Any CPU.Build.0 = Release|Any CPU
		{AC997C38-4F2A-48E8-808E-93E16B1D1833}.Debug|Any CPU.ActiveCfg = Debug|Any CPU
		{AC997C38-4F2A-48E8-808E-93E16B1D1833}.Debug|Any CPU.Build.0 = Debug|Any CPU
		{AC997C38-4F2A-48E8-808E-93E16B1D1833}.Release|Any CPU.ActiveCfg = Release|Any CPU
		{AC997C38-4F2A-48E8-808E-93E16B1D1833}.Release|Any CPU.Build.0 = Release|Any CPU
	EndGlobalSection
EndGlobal
