
Microsoft Visual Studio Solution File, Format Version 12.00
# Visual Studio Version 17
VisualStudioVersion = 17.0.31903.59
MinimumVisualStudioVersion = 10.0.40219.1
Project("{FAE04EC0-301F-11D3-BF4B-00C04F79EFBC}") = "UniqueList", "UniqueList\UniqueList.csproj", "{FC8FC079-2157-48FB-BB4C-F4A21131431E}"
EndProject
Project("{FAE04EC0-301F-11D3-BF4B-00C04F79EFBC}") = "UniqueListExceptions", "UniqueListExceptions\UniqueListExceptions.csproj", "{1980F4F5-C011-492B-AD5C-65B8ADA9B694}"
EndProject
Project("{FAE04EC0-301F-11D3-BF4B-00C04F79EFBC}") = "UniqueListTests", "UniqueListTests\UniqueListTests.csproj", "{0F971642-EA3F-49A2-9666-6DB96862D0D6}"
EndProject
Global
	GlobalSection(SolutionConfigurationPlatforms) = preSolution
		Debug|Any CPU = Debug|Any CPU
		Release|Any CPU = Release|Any CPU
	EndGlobalSection
	GlobalSection(SolutionProperties) = preSolution
		HideSolutionNode = FALSE
	EndGlobalSection
	GlobalSection(ProjectConfigurationPlatforms) = postSolution
		{FC8FC079-2157-48FB-BB4C-F4A21131431E}.Debug|Any CPU.ActiveCfg = Debug|Any CPU
		{FC8FC079-2157-48FB-BB4C-F4A21131431E}.Debug|Any CPU.Build.0 = Debug|Any CPU
		{FC8FC079-2157-48FB-BB4C-F4A21131431E}.Release|Any CPU.ActiveCfg = Release|Any CPU
		{FC8FC079-2157-48FB-BB4C-F4A21131431E}.Release|Any CPU.Build.0 = Release|Any CPU
		{1980F4F5-C011-492B-AD5C-65B8ADA9B694}.Debug|Any CPU.ActiveCfg = Debug|Any CPU
		{1980F4F5-C011-492B-AD5C-65B8ADA9B694}.Debug|Any CPU.Build.0 = Debug|Any CPU
		{1980F4F5-C011-492B-AD5C-65B8ADA9B694}.Release|Any CPU.ActiveCfg = Release|Any CPU
		{1980F4F5-C011-492B-AD5C-65B8ADA9B694}.Release|Any CPU.Build.0 = Release|Any CPU
		{0F971642-EA3F-49A2-9666-6DB96862D0D6}.Debug|Any CPU.ActiveCfg = Debug|Any CPU
		{0F971642-EA3F-49A2-9666-6DB96862D0D6}.Debug|Any CPU.Build.0 = Debug|Any CPU
		{0F971642-EA3F-49A2-9666-6DB96862D0D6}.Release|Any CPU.ActiveCfg = Release|Any CPU
		{0F971642-EA3F-49A2-9666-6DB96862D0D6}.Release|Any CPU.Build.0 = Release|Any CPU
	EndGlobalSection
EndGlobal
